{
  "version": 4,
  "terraform_version": "0.14.6",
  "serial": 11,
  "lineage": "836f3b25-1352-fc79-c1f7-50c9e092c3c1",
  "outputs": {},
  "resources": [
    {
      "mode": "managed",
      "type": "google_container_cluster",
      "name": "primary",
      "provider": "provider[\"registry.terraform.io/hashicorp/google\"]",
      "instances": [
        {
          "schema_version": 1,
          "attributes": {
            "addons_config": [
              {
                "cloudrun_config": [],
                "horizontal_pod_autoscaling": [],
                "http_load_balancing": [],
                "network_policy_config": [
                  {
                    "disabled": true
                  }
                ]
              }
            ],
            "authenticator_groups_config": [],
            "cluster_autoscaling": [
              {
                "auto_provisioning_defaults": [],
                "enabled": false,
                "resource_limits": []
              }
            ],
            "cluster_ipv4_cidr": "10.116.0.0/14",
            "database_encryption": [
              {
                "key_name": "",
                "state": "DECRYPTED"
              }
            ],
            "datapath_provider": "",
            "default_max_pods_per_node": null,
            "default_snat_status": [
              {
                "disabled": false
              }
            ],
            "description": "",
            "enable_binary_authorization": false,
            "enable_intranode_visibility": false,
            "enable_kubernetes_alpha": false,
            "enable_legacy_abac": false,
            "enable_shielded_nodes": false,
            "enable_tpu": false,
            "endpoint": "35.228.128.211",
            "id": "projects/speedback-303112/locations/europe-north1/clusters/speedback-eu",
            "initial_node_count": 1,
            "instance_group_urls": [
              "https://www.googleapis.com/compute/v1/projects/speedback-303112/zones/europe-north1-c/instanceGroups/gke-speedback-eu-default-pool-a2a25b13-grp",
              "https://www.googleapis.com/compute/v1/projects/speedback-303112/zones/europe-north1-a/instanceGroups/gke-speedback-eu-default-pool-159b9066-grp",
              "https://www.googleapis.com/compute/v1/projects/speedback-303112/zones/europe-north1-b/instanceGroups/gke-speedback-eu-default-pool-e8616716-grp"
            ],
            "ip_allocation_policy": [],
            "label_fingerprint": "a9dc16a7",
            "location": "europe-north1",
            "logging_service": "logging.googleapis.com/kubernetes",
            "maintenance_policy": [],
            "master_auth": [
              {
                "client_certificate": "",
                "client_certificate_config": [
                  {
                    "issue_client_certificate": false
                  }
                ],
                "client_key": "",
                "cluster_ca_certificate": "LS0tLS1CRUdJTiBDRVJUSUZJQ0FURS0tLS0tCk1JSURLekNDQWhPZ0F3SUJBZ0lSQUwyUnFwc3RDMjRXdzA4eXBDR28wSmd3RFFZSktvWklodmNOQVFFTEJRQXcKTHpFdE1Dc0dBMVVFQXhNa1pXSTRNMll3WmpBdE16SmlOUzAwWldNNExUaGhZekV0TlRnMU9ETXpZamhoWW1RNQpNQjRYRFRJeE1ESXlNakU0TXpreU1Wb1hEVEkyTURJeU1URTVNemt5TVZvd0x6RXRNQ3NHQTFVRUF4TWtaV0k0Ck0yWXdaakF0TXpKaU5TMDBaV000TFRoaFl6RXROVGcxT0RNellqaGhZbVE1TUlJQklqQU5CZ2txaGtpRzl3MEIKQVFFRkFBT0NBUThBTUlJQkNnS0NBUUVBOVp3Ym5qUFBuc1l4Wk03NC9WR3VUSmprTnFmSmNXbHdCczEzYVRPcApQYXd3Q1E4czhWbHEvbCtlQVIvc2tYN29ycFpNOTJOd2VDdk4yVm9rQUd3WEF0YVZjb3lvaGhPbTdycjRSbG8zCmQrbkNrK2tORUtOMFlIR2RTdi9CYWFIK0RqQStMOC9BSk1ZOU1ETFU5aUN5NWZFb1pmV3ptVXhoSmJ3NG9IdWcKeVN6Nlc1MFhQNEVMMVpuOGdZTm1xOEhzYVJxNGxveVZPdzRXUXV4RVFkVU1LTStmRjBTUW9qRlYzWXh0bmpSRgoyMHBqYS9mK0NQQm1Lcll3bmVmU01PNTYwa3F3c0doM1hUenZ1TWlGZXJsdUw0cDdHMVV6dDFhRG4wZUUwb1NlCnFVSjdJNW05aDhqVWtVaWdyUTVlNEpsQk4xWjFZajNjK1pRTDBCZitRNjg3T1FJREFRQUJvMEl3UURBT0JnTlYKSFE4QkFmOEVCQU1DQWdRd0R3WURWUjBUQVFIL0JBVXdBd0VCL3pBZEJnTlZIUTRFRmdRVWdEemdreFNVN2crZwpKUjVXMkxyNHhHQUY4Rll3RFFZSktvWklodmNOQVFFTEJRQURnZ0VCQU1aWFVsUVJ0YW54dm5jUkVTalB3NWFmCko5Sm9VV1MwNjZhRy82VkJDenNYcHplang2U1lOWk9DTUlXTERyaGJRNXlBZjRjd3FqeUYzUWx4NlovY2tOQTMKVEFTK20zcksvVDk4dktVN0t0WkhLbFpwdHRzY1Y3U0cwREgzQ1lhV0VEb0VtVHF1T2FrRWlZZHc3bFZ0b3NpNgpOaGNhZkFGVUF1SFlGMDY1NFVnRUdDK0FjNUd6MkhKbk9Ib3J6UHdrOHNNbjhmWDJmTDFEUnRObVNWb3RVajRTCkd0dUdSemlSaVU0NmtuVHJBY1ZUNldkSnB0MUpwNExrRGdYMThFUGtxblNnT21PSU04QkNPbnoyd29JUVI4elIKZU9iS0lMOFhOcW1QVUMrYTZ6U08yQ1pXTU1iU3FvYUQ5dWhLZUhIK3VqQnBkeWtWVG5sNjZKQU5XaXMxUmxFPQotLS0tLUVORCBDRVJUSUZJQ0FURS0tLS0tCg==",
                "password": "",
                "username": ""
              }
            ],
            "master_authorized_networks_config": [],
            "master_version": "1.18.12-gke.1210",
            "min_master_version": null,
            "monitoring_service": "monitoring.googleapis.com/kubernetes",
            "name": "speedback-eu",
            "network": "projects/speedback-303112/global/networks/default",
            "network_policy": [
              {
                "enabled": false,
                "provider": "PROVIDER_UNSPECIFIED"
              }
            ],
            "node_config": [
              {
                "disk_size_gb": 100,
                "disk_type": "pd-standard",
                "guest_accelerator": [],
                "image_type": "COS",
                "labels": {},
                "local_ssd_count": 0,
                "machine_type": "e2-medium",
                "metadata": {
                  "disable-legacy-endpoints": "true"
                },
                "min_cpu_platform": "",
                "oauth_scopes": [
                  "https://www.googleapis.com/auth/devstorage.read_only",
                  "https://www.googleapis.com/auth/logging.write",
                  "https://www.googleapis.com/auth/monitoring",
                  "https://www.googleapis.com/auth/service.management.readonly",
                  "https://www.googleapis.com/auth/servicecontrol",
                  "https://www.googleapis.com/auth/trace.append"
                ],
                "preemptible": false,
                "service_account": "default",
                "shielded_instance_config": [
                  {
                    "enable_integrity_monitoring": true,
                    "enable_secure_boot": false
                  }
                ],
                "tags": [],
                "taint": [],
                "workload_metadata_config": []
              }
            ],
            "node_locations": [
              "europe-north1-a",
              "europe-north1-b",
              "europe-north1-c"
            ],
            "node_pool": [
              {
                "autoscaling": [],
                "initial_node_count": 1,
                "instance_group_urls": [
                  "https://www.googleapis.com/compute/v1/projects/speedback-303112/zones/europe-north1-c/instanceGroupManagers/gke-speedback-eu-default-pool-a2a25b13-grp",
                  "https://www.googleapis.com/compute/v1/projects/speedback-303112/zones/europe-north1-a/instanceGroupManagers/gke-speedback-eu-default-pool-159b9066-grp",
                  "https://www.googleapis.com/compute/v1/projects/speedback-303112/zones/europe-north1-b/instanceGroupManagers/gke-speedback-eu-default-pool-e8616716-grp"
                ],
                "management": [
                  {
                    "auto_repair": true,
                    "auto_upgrade": true
                  }
                ],
                "max_pods_per_node": 0,
                "name": "default-pool",
                "name_prefix": "",
                "node_config": [
                  {
                    "disk_size_gb": 100,
                    "disk_type": "pd-standard",
                    "guest_accelerator": [],
                    "image_type": "COS",
                    "labels": {},
                    "local_ssd_count": 0,
                    "machine_type": "e2-medium",
                    "metadata": {
                      "disable-legacy-endpoints": "true"
                    },
                    "min_cpu_platform": "",
                    "oauth_scopes": [
                      "https://www.googleapis.com/auth/devstorage.read_only",
                      "https://www.googleapis.com/auth/logging.write",
                      "https://www.googleapis.com/auth/monitoring",
                      "https://www.googleapis.com/auth/service.management.readonly",
                      "https://www.googleapis.com/auth/servicecontrol",
                      "https://www.googleapis.com/auth/trace.append"
                    ],
                    "preemptible": false,
                    "service_account": "default",
                    "shielded_instance_config": [
                      {
                        "enable_integrity_monitoring": true,
                        "enable_secure_boot": false
                      }
                    ],
                    "tags": [],
                    "taint": [],
                    "workload_metadata_config": []
                  }
                ],
                "node_count": 1,
                "node_locations": [
                  "europe-north1-a",
                  "europe-north1-b",
                  "europe-north1-c"
                ],
                "upgrade_settings": [
                  {
                    "max_surge": 1,
                    "max_unavailable": 0
                  }
                ],
                "version": "1.18.12-gke.1210"
              }
            ],
            "node_version": "1.18.12-gke.1210",
            "operation": null,
            "pod_security_policy_config": [],
            "private_cluster_config": [],
            "project": "speedback-303112",
            "release_channel": [
              {
                "channel": "REGULAR"
              }
            ],
            "remove_default_node_pool": null,
            "resource_labels": null,
            "resource_usage_export_config": [],
            "self_link": "https://container.googleapis.com/v1beta1/projects/speedback-303112/locations/europe-north1/clusters/speedback-eu",
            "services_ipv4_cidr": "10.119.240.0/20",
            "subnetwork": "projects/speedback-303112/regions/europe-north1/subnetworks/default",
            "timeouts": null,
            "tpu_ipv4_cidr_block": "",
            "vertical_pod_autoscaling": [],
            "workload_identity_config": []
          },
          "sensitive_attributes": [],
          "private": "eyJlMmJmYjczMC1lY2FhLTExZTYtOGY4OC0zNDM2M2JjN2M0YzAiOnsiY3JlYXRlIjoyNDAwMDAwMDAwMDAwLCJkZWxldGUiOjI0MDAwMDAwMDAwMDAsInJlYWQiOjI0MDAwMDAwMDAwMDAsInVwZGF0ZSI6MzYwMDAwMDAwMDAwMH0sInNjaGVtYV92ZXJzaW9uIjoiMSJ9"
        }
      ]
    },
    {
      "mode": "managed",
      "type": "google_container_node_pool",
      "name": "primary_nodes",
      "provider": "provider[\"registry.terraform.io/hashicorp/google\"]",
      "instances": [
        {
          "status": "tainted",
          "schema_version": 1,
          "attributes": {
            "autoscaling": [
              {
                "max_node_count": 3,
                "min_node_count": 1
              }
            ],
            "cluster": "speedback-eu",
            "id": "projects/speedback-303112/locations/europe-north1/clusters/speedback-eu/nodePools/my-node-pool",
            "initial_node_count": null,
            "instance_group_urls": null,
            "location": "europe-north1",
            "management": [
              {
                "auto_repair": true,
                "auto_upgrade": true
              }
            ],
            "max_pods_per_node": null,
            "name": "my-node-pool",
            "name_prefix": null,
            "node_config": [
              {
                "disk_size_gb": 0,
                "disk_type": "",
                "guest_accelerator": [],
                "image_type": "",
                "labels": {},
                "local_ssd_count": 0,
                "machine_type": "e2-standard-2",
                "metadata": {
                  "disable-legacy-endpoints": "true"
                },
                "min_cpu_platform": "",
                "oauth_scopes": [
                  "https://www.googleapis.com/auth/logging.write",
                  "https://www.googleapis.com/auth/monitoring"
                ],
                "preemptible": true,
                "service_account": "",
                "shielded_instance_config": [],
                "tags": null,
                "taint": [],
                "workload_metadata_config": []
              }
            ],
            "node_count": 1,
            "node_locations": [],
            "project": null,
            "timeouts": null,
            "upgrade_settings": null,
            "version": null
          },
          "sensitive_attributes": [],
          "private": "eyJlMmJmYjczMC1lY2FhLTExZTYtOGY4OC0zNDM2M2JjN2M0YzAiOnsiY3JlYXRlIjoxODAwMDAwMDAwMDAwLCJkZWxldGUiOjE4MDAwMDAwMDAwMDAsInVwZGF0ZSI6MTgwMDAwMDAwMDAwMH0sInNjaGVtYV92ZXJzaW9uIjoiMSJ9",
          "dependencies": [
            "google_container_cluster.primary"
          ]
        }
      ]
    }
  ]
}
